
Microsoft Visual Studio Solution File, Format Version 12.00
# Visual Studio Version 17
VisualStudioVersion = 17.5.33627.172
MinimumVisualStudioVersion = 10.0.40219.1
Project("{FAE04EC0-301F-11D3-BF4B-00C04F79EFBC}") = "odevweb", "odevweb\odevweb.csproj", "{84D44A33-69CF-41CC-AD62-F87346704C1C}"
EndProject
Global
	GlobalSection(SolutionConfigurationPlatforms) = preSolution
		Debug|Any CPU = Debug|Any CPU
		Release|Any CPU = Release|Any CPU
	EndGlobalSection
	GlobalSection(ProjectConfigurationPlatforms) = postSolution
		{84D44A33-69CF-41CC-AD62-F87346704C1C}.Debug|Any CPU.ActiveCfg = Debug|Any CPU
		{84D44A33-69CF-41CC-AD62-F87346704C1C}.Debug|Any CPU.Build.0 = Debug|Any CPU
		{84D44A33-69CF-41CC-AD62-F87346704C1C}.Release|Any CPU.ActiveCfg = Release|Any CPU
		{84D44A33-69CF-41CC-AD62-F87346704C1C}.Release|Any CPU.Build.0 = Release|Any CPU
	EndGlobalSection
	GlobalSection(SolutionProperties) = preSolution
		HideSolutionNode = FALSE
	EndGlobalSection
	GlobalSection(ExtensibilityGlobals) = postSolution
		SolutionGuid = {D05923D1-26F1-4361-A6E1-8F426788AABA}
	EndGlobalSection
EndGlobal
